name: API Check

on: workflow_call

jobs:
  check-api:
    name: Check Package Lock
    runs-on: ubuntu-latest
    steps:
      - name: Checkout repository
        uses: actions/checkout@24cb9080177205b6e8c946b17badbe402adc938f # v3.4.0 https://github.com/actions/checkout/commit/24cb9080177205b6e8c946b17badbe402adc938f
        with:
          path: amplify-api-next
      - name: Setup node and build the repository
        uses: ./amplify-api-next/.github/actions/node-and-build
      - name: Run checks
        working-directory: ./amplify-api-next
        run: npm run check:package-lock
      - name: API Check Instructions
        if: failure()
        run: |
          echo
          echo "Oh no!! The Package Lock Check Failed!"
          echo
          echo "The package-lock.json file you pushed up contains packages from a local NPM registry (Verdaccio)"
          echo
          echo "npm set registry https://registry.npmjs.com/ && npm i"
          echo 
          echo "Then commit and push the changes."
          echo
          exit 1
